{
  "name": "dmc_tutorial",
  "version": "0.0.3",
  "lockfileVersion": 1,
  "requires": true,
  "dependencies": {
    "dmc_compiler": {
      "version": "0.1.0",
      "requires": {
        "qr-image": "^3.2.0"
      },
      "dependencies": {
        "qr-image": {
          "version": "3.2.0",
          "bundled": true
        }
      }
    }
  }
}
